// !$*UTF8*$!
{
	archiveVersion = 1;
	classes = {
	};
	objectVersion = 56;
	objects = {

/* Begin PBXBuildFile section */
		1AA52EA42C73773D006F4969 /* DoctorsListApp.swift in Sources */ = {isa = PBXBuildFile; fileRef = 1AA52EA32C73773D006F4969 /* DoctorsListApp.swift */; };
		1AA52EA62C73773D006F4969 /* ContentView.swift in Sources */ = {isa = PBXBuildFile; fileRef = 1AA52EA52C73773D006F4969 /* ContentView.swift */; };
		1AA52EA82C73773F006F4969 /* Assets.xcassets in Resources */ = {isa = PBXBuildFile; fileRef = 1AA52EA72C73773F006F4969 /* Assets.xcassets */; };
		1AA52EAB2C73773F006F4969 /* Preview Assets.xcassets in Resources */ = {isa = PBXBuildFile; fileRef = 1AA52EAA2C73773F006F4969 /* Preview Assets.xcassets */; };
		1AA52ECC2C7499DA006F4969 /* COPYRIGHT.txt in Resources */ = {isa = PBXBuildFile; fileRef = 1AA52EB72C7499DA006F4969 /* COPYRIGHT.txt */; };
		1AA52ECD2C7499DA006F4969 /* SF-Pro-Display-Black.otf in Resources */ = {isa = PBXBuildFile; fileRef = 1AA52EB82C7499DA006F4969 /* SF-Pro-Display-Black.otf */; };
		1AA52ECE2C7499DA006F4969 /* SF-Pro-Display-BlackItalic.otf in Resources */ = {isa = PBXBuildFile; fileRef = 1AA52EB92C7499DA006F4969 /* SF-Pro-Display-BlackItalic.otf */; };
		1AA52ECF2C7499DA006F4969 /* SF-Pro-Display-Bold.otf in Resources */ = {isa = PBXBuildFile; fileRef = 1AA52EBA2C7499DA006F4969 /* SF-Pro-Display-Bold.otf */; };
		1AA52ED02C7499DA006F4969 /* SF-Pro-Display-BoldItalic.otf in Resources */ = {isa = PBXBuildFile; fileRef = 1AA52EBB2C7499DA006F4969 /* SF-Pro-Display-BoldItalic.otf */; };
		1AA52ED12C7499DA006F4969 /* SF-Pro-Display-Heavy.otf in Resources */ = {isa = PBXBuildFile; fileRef = 1AA52EBC2C7499DA006F4969 /* SF-Pro-Display-Heavy.otf */; };
		1AA52ED22C7499DA006F4969 /* SF-Pro-Display-HeavyItalic.otf in Resources */ = {isa = PBXBuildFile; fileRef = 1AA52EBD2C7499DA006F4969 /* SF-Pro-Display-HeavyItalic.otf */; };
		1AA52ED32C7499DA006F4969 /* SF-Pro-Display-Light.otf in Resources */ = {isa = PBXBuildFile; fileRef = 1AA52EBE2C7499DA006F4969 /* SF-Pro-Display-Light.otf */; };
		1AA52ED42C7499DA006F4969 /* SF-Pro-Display-LightItalic.otf in Resources */ = {isa = PBXBuildFile; fileRef = 1AA52EBF2C7499DA006F4969 /* SF-Pro-Display-LightItalic.otf */; };
		1AA52ED52C7499DA006F4969 /* SF-Pro-Display-Medium.otf in Resources */ = {isa = PBXBuildFile; fileRef = 1AA52EC02C7499DA006F4969 /* SF-Pro-Display-Medium.otf */; };
		1AA52ED62C7499DA006F4969 /* SF-Pro-Display-MediumItalic.otf in Resources */ = {isa = PBXBuildFile; fileRef = 1AA52EC12C7499DA006F4969 /* SF-Pro-Display-MediumItalic.otf */; };
		1AA52ED72C7499DA006F4969 /* SF-Pro-Display-Regular.otf in Resources */ = {isa = PBXBuildFile; fileRef = 1AA52EC22C7499DA006F4969 /* SF-Pro-Display-Regular.otf */; };
		1AA52ED82C7499DA006F4969 /* SF-Pro-Display-RegularItalic.otf in Resources */ = {isa = PBXBuildFile; fileRef = 1AA52EC32C7499DA006F4969 /* SF-Pro-Display-RegularItalic.otf */; };
		1AA52ED92C7499DA006F4969 /* SF-Pro-Display-Semibold.otf in Resources */ = {isa = PBXBuildFile; fileRef = 1AA52EC42C7499DA006F4969 /* SF-Pro-Display-Semibold.otf */; };
		1AA52EDA2C7499DA006F4969 /* SF-Pro-Display-SemiboldItalic.otf in Resources */ = {isa = PBXBuildFile; fileRef = 1AA52EC52C7499DA006F4969 /* SF-Pro-Display-SemiboldItalic.otf */; };
		1AA52EDB2C7499DA006F4969 /* SF-Pro-Display-Thin.otf in Resources */ = {isa = PBXBuildFile; fileRef = 1AA52EC62C7499DA006F4969 /* SF-Pro-Display-Thin.otf */; };
		1AA52EDC2C7499DA006F4969 /* SF-Pro-Display-ThinItalic.otf in Resources */ = {isa = PBXBuildFile; fileRef = 1AA52EC72C7499DA006F4969 /* SF-Pro-Display-ThinItalic.otf */; };
		1AA52EDD2C7499DA006F4969 /* SF-Pro-Display-Ultralight.otf in Resources */ = {isa = PBXBuildFile; fileRef = 1AA52EC82C7499DA006F4969 /* SF-Pro-Display-Ultralight.otf */; };
		1AA52EDE2C7499DA006F4969 /* SF-Pro-Display-UltralightItalic.otf in Resources */ = {isa = PBXBuildFile; fileRef = 1AA52EC92C7499DA006F4969 /* SF-Pro-Display-UltralightItalic.otf */; };
		1AA52EDF2C7499DA006F4969 /* SFPro_Font_License.rtf in Resources */ = {isa = PBXBuildFile; fileRef = 1AA52ECA2C7499DA006F4969 /* SFPro_Font_License.rtf */; };
		1AA52EE62C749FB7006F4969 /* Extension + Font.swift in Sources */ = {isa = PBXBuildFile; fileRef = 1AA52EE52C749FB7006F4969 /* Extension + Font.swift */; };
		1AA52EEB2C7513FE006F4969 /* Extension + Text.swift in Sources */ = {isa = PBXBuildFile; fileRef = 1AA52EEA2C7513FE006F4969 /* Extension + Text.swift */; };
		1AA52EED2C751C71006F4969 /* Extension + String.swift in Sources */ = {isa = PBXBuildFile; fileRef = 1AA52EEC2C751C71006F4969 /* Extension + String.swift */; };
		1AA52EEF2C752827006F4969 /* DoctorCardView.swift in Sources */ = {isa = PBXBuildFile; fileRef = 1AA52EEE2C752827006F4969 /* DoctorCardView.swift */; };
		1AA52F0B2C7555A3006F4969 /* AppointmentButtonView.swift in Sources */ = {isa = PBXBuildFile; fileRef = 1AA52F0A2C7555A2006F4969 /* AppointmentButtonView.swift */; };
/* End PBXBuildFile section */

/* Begin PBXFileReference section */
		1AA52EA02C73773D006F4969 /* DoctorsList.app */ = {isa = PBXFileReference; explicitFileType = wrapper.application; includeInIndex = 0; path = DoctorsList.app; sourceTree = BUILT_PRODUCTS_DIR; };
		1AA52EA32C73773D006F4969 /* DoctorsListApp.swift */ = {isa = PBXFileReference; lastKnownFileType = sourcecode.swift; path = DoctorsListApp.swift; sourceTree = "<group>"; };
		1AA52EA52C73773D006F4969 /* ContentView.swift */ = {isa = PBXFileReference; lastKnownFileType = sourcecode.swift; path = ContentView.swift; sourceTree = "<group>"; };
		1AA52EA72C73773F006F4969 /* Assets.xcassets */ = {isa = PBXFileReference; lastKnownFileType = folder.assetcatalog; path = Assets.xcassets; sourceTree = "<group>"; };
		1AA52EAA2C73773F006F4969 /* Preview Assets.xcassets */ = {isa = PBXFileReference; lastKnownFileType = folder.assetcatalog; path = "Preview Assets.xcassets"; sourceTree = "<group>"; };
		1AA52EB72C7499DA006F4969 /* COPYRIGHT.txt */ = {isa = PBXFileReference; fileEncoding = 4; lastKnownFileType = text; path = COPYRIGHT.txt; sourceTree = "<group>"; };
		1AA52EB82C7499DA006F4969 /* SF-Pro-Display-Black.otf */ = {isa = PBXFileReference; lastKnownFileType = file; path = "SF-Pro-Display-Black.otf"; sourceTree = "<group>"; };
		1AA52EB92C7499DA006F4969 /* SF-Pro-Display-BlackItalic.otf */ = {isa = PBXFileReference; lastKnownFileType = file; path = "SF-Pro-Display-BlackItalic.otf"; sourceTree = "<group>"; };
		1AA52EBA2C7499DA006F4969 /* SF-Pro-Display-Bold.otf */ = {isa = PBXFileReference; lastKnownFileType = file; path = "SF-Pro-Display-Bold.otf"; sourceTree = "<group>"; };
		1AA52EBB2C7499DA006F4969 /* SF-Pro-Display-BoldItalic.otf */ = {isa = PBXFileReference; lastKnownFileType = file; path = "SF-Pro-Display-BoldItalic.otf"; sourceTree = "<group>"; };
		1AA52EBC2C7499DA006F4969 /* SF-Pro-Display-Heavy.otf */ = {isa = PBXFileReference; lastKnownFileType = file; path = "SF-Pro-Display-Heavy.otf"; sourceTree = "<group>"; };
		1AA52EBD2C7499DA006F4969 /* SF-Pro-Display-HeavyItalic.otf */ = {isa = PBXFileReference; lastKnownFileType = file; path = "SF-Pro-Display-HeavyItalic.otf"; sourceTree = "<group>"; };
		1AA52EBE2C7499DA006F4969 /* SF-Pro-Display-Light.otf */ = {isa = PBXFileReference; lastKnownFileType = file; path = "SF-Pro-Display-Light.otf"; sourceTree = "<group>"; };
		1AA52EBF2C7499DA006F4969 /* SF-Pro-Display-LightItalic.otf */ = {isa = PBXFileReference; lastKnownFileType = file; path = "SF-Pro-Display-LightItalic.otf"; sourceTree = "<group>"; };
		1AA52EC02C7499DA006F4969 /* SF-Pro-Display-Medium.otf */ = {isa = PBXFileReference; lastKnownFileType = file; path = "SF-Pro-Display-Medium.otf"; sourceTree = "<group>"; };
		1AA52EC12C7499DA006F4969 /* SF-Pro-Display-MediumItalic.otf */ = {isa = PBXFileReference; lastKnownFileType = file; path = "SF-Pro-Display-MediumItalic.otf"; sourceTree = "<group>"; };
		1AA52EC22C7499DA006F4969 /* SF-Pro-Display-Regular.otf */ = {isa = PBXFileReference; lastKnownFileType = file; path = "SF-Pro-Display-Regular.otf"; sourceTree = "<group>"; };
		1AA52EC32C7499DA006F4969 /* SF-Pro-Display-RegularItalic.otf */ = {isa = PBXFileReference; lastKnownFileType = file; path = "SF-Pro-Display-RegularItalic.otf"; sourceTree = "<group>"; };
		1AA52EC42C7499DA006F4969 /* SF-Pro-Display-Semibold.otf */ = {isa = PBXFileReference; lastKnownFileType = file; path = "SF-Pro-Display-Semibold.otf"; sourceTree = "<group>"; };
		1AA52EC52C7499DA006F4969 /* SF-Pro-Display-SemiboldItalic.otf */ = {isa = PBXFileReference; lastKnownFileType = file; path = "SF-Pro-Display-SemiboldItalic.otf"; sourceTree = "<group>"; };
		1AA52EC62C7499DA006F4969 /* SF-Pro-Display-Thin.otf */ = {isa = PBXFileReference; lastKnownFileType = file; path = "SF-Pro-Display-Thin.otf"; sourceTree = "<group>"; };
		1AA52EC72C7499DA006F4969 /* SF-Pro-Display-ThinItalic.otf */ = {isa = PBXFileReference; lastKnownFileType = file; path = "SF-Pro-Display-ThinItalic.otf"; sourceTree = "<group>"; };
		1AA52EC82C7499DA006F4969 /* SF-Pro-Display-Ultralight.otf */ = {isa = PBXFileReference; lastKnownFileType = file; path = "SF-Pro-Display-Ultralight.otf"; sourceTree = "<group>"; };
		1AA52EC92C7499DA006F4969 /* SF-Pro-Display-UltralightItalic.otf */ = {isa = PBXFileReference; lastKnownFileType = file; path = "SF-Pro-Display-UltralightItalic.otf"; sourceTree = "<group>"; };
		1AA52ECA2C7499DA006F4969 /* SFPro_Font_License.rtf */ = {isa = PBXFileReference; fileEncoding = 4; lastKnownFileType = text.rtf; path = SFPro_Font_License.rtf; sourceTree = "<group>"; };
		1AA52EE02C749C44006F4969 /* Info.plist */ = {isa = PBXFileReference; lastKnownFileType = text.plist.xml; path = Info.plist; sourceTree = "<group>"; };
		1AA52EE52C749FB7006F4969 /* Extension + Font.swift */ = {isa = PBXFileReference; lastKnownFileType = sourcecode.swift; path = "Extension + Font.swift"; sourceTree = "<group>"; };
		1AA52EEA2C7513FE006F4969 /* Extension + Text.swift */ = {isa = PBXFileReference; lastKnownFileType = sourcecode.swift; path = "Extension + Text.swift"; sourceTree = "<group>"; };
		1AA52EEC2C751C71006F4969 /* Extension + String.swift */ = {isa = PBXFileReference; lastKnownFileType = sourcecode.swift; path = "Extension + String.swift"; sourceTree = "<group>"; };
		1AA52EEE2C752827006F4969 /* DoctorCardView.swift */ = {isa = PBXFileReference; lastKnownFileType = sourcecode.swift; path = DoctorCardView.swift; sourceTree = "<group>"; };
		1AA52F0A2C7555A2006F4969 /* AppointmentButtonView.swift */ = {isa = PBXFileReference; lastKnownFileType = sourcecode.swift; path = AppointmentButtonView.swift; sourceTree = "<group>"; };
/* End PBXFileReference section */

/* Begin PBXFrameworksBuildPhase section */
		1AA52E9D2C73773D006F4969 /* Frameworks */ = {
			isa = PBXFrameworksBuildPhase;
			buildActionMask = 2147483647;
			files = (
			);
			runOnlyForDeploymentPostprocessing = 0;
		};
/* End PBXFrameworksBuildPhase section */

/* Begin PBXGroup section */
		1AA52E972C73773D006F4969 = {
			isa = PBXGroup;
			children = (
				1AA52EA22C73773D006F4969 /* DoctorsList */,
				1AA52EA12C73773D006F4969 /* Products */,
			);
			sourceTree = "<group>";
		};
		1AA52EA12C73773D006F4969 /* Products */ = {
			isa = PBXGroup;
			children = (
				1AA52EA02C73773D006F4969 /* DoctorsList.app */,
			);
			name = Products;
			sourceTree = "<group>";
		};
		1AA52EA22C73773D006F4969 /* DoctorsList */ = {
			isa = PBXGroup;
			children = (
				1AA52EB52C73D028006F4969 /* App */,
				1AA52EE72C750F92006F4969 /* CustomModifiers */,
				1AA52EE22C749F54006F4969 /* Extensions */,
				1AA52EB12C73CF72006F4969 /* Models */,
				1AA52EB22C73CF86006F4969 /* Views */,
				1AA52EB32C73CFA1006F4969 /* ViewModels */,
				1AA52EB62C7499A1006F4969 /* Fonts */,
				1AA52EB42C73CFF9006F4969 /* Resources */,
				1AA52EE12C749F20006F4969 /* Info */,
				1AA52EA92C73773F006F4969 /* Preview Content */,
			);
			path = DoctorsList;
			sourceTree = "<group>";
		};
		1AA52EA92C73773F006F4969 /* Preview Content */ = {
			isa = PBXGroup;
			children = (
				1AA52EAA2C73773F006F4969 /* Preview Assets.xcassets */,
			);
			path = "Preview Content";
			sourceTree = "<group>";
		};
		1AA52EB12C73CF72006F4969 /* Models */ = {
			isa = PBXGroup;
			children = (
			);
			path = Models;
			sourceTree = "<group>";
		};
		1AA52EB22C73CF86006F4969 /* Views */ = {
			isa = PBXGroup;
			children = (
				1AA52EA52C73773D006F4969 /* ContentView.swift */,
				1AA52EEE2C752827006F4969 /* DoctorCardView.swift */,
				1AA52F0A2C7555A2006F4969 /* AppointmentButtonView.swift */,
			);
			path = Views;
			sourceTree = "<group>";
		};
		1AA52EB32C73CFA1006F4969 /* ViewModels */ = {
			isa = PBXGroup;
			children = (
			);
			path = ViewModels;
			sourceTree = "<group>";
		};
		1AA52EB42C73CFF9006F4969 /* Resources */ = {
			isa = PBXGroup;
			children = (
				1AA52EA72C73773F006F4969 /* Assets.xcassets */,
			);
			path = Resources;
			sourceTree = "<group>";
		};
		1AA52EB52C73D028006F4969 /* App */ = {
			isa = PBXGroup;
			children = (
				1AA52EA32C73773D006F4969 /* DoctorsListApp.swift */,
			);
			path = App;
			sourceTree = "<group>";
		};
		1AA52EB62C7499A1006F4969 /* Fonts */ = {
			isa = PBXGroup;
			children = (
				1AA52ECB2C7499DA006F4969 /* SFProDisplay */,
			);
			path = Fonts;
			sourceTree = "<group>";
		};
		1AA52ECB2C7499DA006F4969 /* SFProDisplay */ = {
			isa = PBXGroup;
			children = (
				1AA52EB72C7499DA006F4969 /* COPYRIGHT.txt */,
				1AA52EB82C7499DA006F4969 /* SF-Pro-Display-Black.otf */,
				1AA52EB92C7499DA006F4969 /* SF-Pro-Display-BlackItalic.otf */,
				1AA52EBA2C7499DA006F4969 /* SF-Pro-Display-Bold.otf */,
				1AA52EBB2C7499DA006F4969 /* SF-Pro-Display-BoldItalic.otf */,
				1AA52EBC2C7499DA006F4969 /* SF-Pro-Display-Heavy.otf */,
				1AA52EBD2C7499DA006F4969 /* SF-Pro-Display-HeavyItalic.otf */,
				1AA52EBE2C7499DA006F4969 /* SF-Pro-Display-Light.otf */,
				1AA52EBF2C7499DA006F4969 /* SF-Pro-Display-LightItalic.otf */,
				1AA52EC02C7499DA006F4969 /* SF-Pro-Display-Medium.otf */,
				1AA52EC12C7499DA006F4969 /* SF-Pro-Display-MediumItalic.otf */,
				1AA52EC22C7499DA006F4969 /* SF-Pro-Display-Regular.otf */,
				1AA52EC32C7499DA006F4969 /* SF-Pro-Display-RegularItalic.otf */,
				1AA52EC42C7499DA006F4969 /* SF-Pro-Display-Semibold.otf */,
				1AA52EC52C7499DA006F4969 /* SF-Pro-Display-SemiboldItalic.otf */,
				1AA52EC62C7499DA006F4969 /* SF-Pro-Display-Thin.otf */,
				1AA52EC72C7499DA006F4969 /* SF-Pro-Display-ThinItalic.otf */,
				1AA52EC82C7499DA006F4969 /* SF-Pro-Display-Ultralight.otf */,
				1AA52EC92C7499DA006F4969 /* SF-Pro-Display-UltralightItalic.otf */,
				1AA52ECA2C7499DA006F4969 /* SFPro_Font_License.rtf */,
			);
			path = SFProDisplay;
			sourceTree = "<group>";
		};
		1AA52EE12C749F20006F4969 /* Info */ = {
			isa = PBXGroup;
			children = (
				1AA52EE02C749C44006F4969 /* Info.plist */,
			);
			path = Info;
			sourceTree = "<group>";
		};
		1AA52EE22C749F54006F4969 /* Extensions */ = {
			isa = PBXGroup;
			children = (
				1AA52EE52C749FB7006F4969 /* Extension + Font.swift */,
				1AA52EEA2C7513FE006F4969 /* Extension + Text.swift */,
				1AA52EEC2C751C71006F4969 /* Extension + String.swift */,
			);
			path = Extensions;
			sourceTree = "<group>";
		};
		1AA52EE72C750F92006F4969 /* CustomModifiers */ = {
			isa = PBXGroup;
			children = (
			);
			path = CustomModifiers;
			sourceTree = "<group>";
		};
/* End PBXGroup section */

/* Begin PBXNativeTarget section */
		1AA52E9F2C73773D006F4969 /* DoctorsList */ = {
			isa = PBXNativeTarget;
			buildConfigurationList = 1AA52EAE2C73773F006F4969 /* Build configuration list for PBXNativeTarget "DoctorsList" */;
			buildPhases = (
				1AA52E9C2C73773D006F4969 /* Sources */,
				1AA52E9D2C73773D006F4969 /* Frameworks */,
				1AA52E9E2C73773D006F4969 /* Resources */,
			);
			buildRules = (
			);
			dependencies = (
			);
			name = DoctorsList;
			productName = DoctorsList;
			productReference = 1AA52EA02C73773D006F4969 /* DoctorsList.app */;
			productType = "com.apple.product-type.application";
		};
/* End PBXNativeTarget section */

/* Begin PBXProject section */
		1AA52E982C73773D006F4969 /* Project object */ = {
			isa = PBXProject;
			attributes = {
				BuildIndependentTargetsInParallel = 1;
				LastSwiftUpdateCheck = 1540;
				LastUpgradeCheck = 1540;
				TargetAttributes = {
					1AA52E9F2C73773D006F4969 = {
						CreatedOnToolsVersion = 15.4;
					};
				};
			};
			buildConfigurationList = 1AA52E9B2C73773D006F4969 /* Build configuration list for PBXProject "DoctorsList" */;
			compatibilityVersion = "Xcode 14.0";
			developmentRegion = en;
			hasScannedForEncodings = 0;
			knownRegions = (
				en,
				Base,
			);
			mainGroup = 1AA52E972C73773D006F4969;
			productRefGroup = 1AA52EA12C73773D006F4969 /* Products */;
			projectDirPath = "";
			projectRoot = "";
			targets = (
				1AA52E9F2C73773D006F4969 /* DoctorsList */,
			);
		};
/* End PBXProject section */

/* Begin PBXResourcesBuildPhase section */
		1AA52E9E2C73773D006F4969 /* Resources */ = {
			isa = PBXResourcesBuildPhase;
			buildActionMask = 2147483647;
			files = (
				1AA52EDE2C7499DA006F4969 /* SF-Pro-Display-UltralightItalic.otf in Resources */,
				1AA52ED52C7499DA006F4969 /* SF-Pro-Display-Medium.otf in Resources */,
				1AA52ECE2C7499DA006F4969 /* SF-Pro-Display-BlackItalic.otf in Resources */,
				1AA52EDB2C7499DA006F4969 /* SF-Pro-Display-Thin.otf in Resources */,
				1AA52EAB2C73773F006F4969 /* Preview Assets.xcassets in Resources */,
				1AA52ED02C7499DA006F4969 /* SF-Pro-Display-BoldItalic.otf in Resources */,
				1AA52EDA2C7499DA006F4969 /* SF-Pro-Display-SemiboldItalic.otf in Resources */,
				1AA52ED12C7499DA006F4969 /* SF-Pro-Display-Heavy.otf in Resources */,
				1AA52EDD2C7499DA006F4969 /* SF-Pro-Display-Ultralight.otf in Resources */,
				1AA52ECF2C7499DA006F4969 /* SF-Pro-Display-Bold.otf in Resources */,
				1AA52EDF2C7499DA006F4969 /* SFPro_Font_License.rtf in Resources */,
				1AA52ED62C7499DA006F4969 /* SF-Pro-Display-MediumItalic.otf in Resources */,
				1AA52EA82C73773F006F4969 /* Assets.xcassets in Resources */,
				1AA52ED92C7499DA006F4969 /* SF-Pro-Display-Semibold.otf in Resources */,
				1AA52ED82C7499DA006F4969 /* SF-Pro-Display-RegularItalic.otf in Resources */,
				1AA52ED32C7499DA006F4969 /* SF-Pro-Display-Light.otf in Resources */,
				1AA52ECC2C7499DA006F4969 /* COPYRIGHT.txt in Resources */,
				1AA52ED42C7499DA006F4969 /* SF-Pro-Display-LightItalic.otf in Resources */,
				1AA52ED22C7499DA006F4969 /* SF-Pro-Display-HeavyItalic.otf in Resources */,
				1AA52ED72C7499DA006F4969 /* SF-Pro-Display-Regular.otf in Resources */,
				1AA52ECD2C7499DA006F4969 /* SF-Pro-Display-Black.otf in Resources */,
				1AA52EDC2C7499DA006F4969 /* SF-Pro-Display-ThinItalic.otf in Resources */,
			);
			runOnlyForDeploymentPostprocessing = 0;
		};
/* End PBXResourcesBuildPhase section */

/* Begin PBXSourcesBuildPhase section */
		1AA52E9C2C73773D006F4969 /* Sources */ = {
			isa = PBXSourcesBuildPhase;
			buildActionMask = 2147483647;
			files = (
				1AA52EEF2C752827006F4969 /* DoctorCardView.swift in Sources */,
				1AA52EA62C73773D006F4969 /* ContentView.swift in Sources */,
				1AA52EE62C749FB7006F4969 /* Extension + Font.swift in Sources */,
				1AA52EED2C751C71006F4969 /* Extension + String.swift in Sources */,
				1AA52F0B2C7555A3006F4969 /* AppointmentButtonView.swift in Sources */,
				1AA52EEB2C7513FE006F4969 /* Extension + Text.swift in Sources */,
				1AA52EA42C73773D006F4969 /* DoctorsListApp.swift in Sources */,
			);
			runOnlyForDeploymentPostprocessing = 0;
		};
/* End PBXSourcesBuildPhase section */

/* Begin XCBuildConfiguration section */
		1AA52EAC2C73773F006F4969 /* Debug */ = {
			isa = XCBuildConfiguration;
			buildSettings = {
				ALWAYS_SEARCH_USER_PATHS = NO;
				ASSETCATALOG_COMPILER_GENERATE_SWIFT_ASSET_SYMBOL_EXTENSIONS = YES;
				CLANG_ANALYZER_NONNULL = YES;
				CLANG_ANALYZER_NUMBER_OBJECT_CONVERSION = YES_AGGRESSIVE;
				CLANG_CXX_LANGUAGE_STANDARD = "gnu++20";
				CLANG_ENABLE_MODULES = YES;
				CLANG_ENABLE_OBJC_ARC = YES;
				CLANG_ENABLE_OBJC_WEAK = YES;
				CLANG_WARN_BLOCK_CAPTURE_AUTORELEASING = YES;
				CLANG_WARN_BOOL_CONVERSION = YES;
				CLANG_WARN_COMMA = YES;
				CLANG_WARN_CONSTANT_CONVERSION = YES;
				CLANG_WARN_DEPRECATED_OBJC_IMPLEMENTATIONS = YES;
				CLANG_WARN_DIRECT_OBJC_ISA_USAGE = YES_ERROR;
				CLANG_WARN_DOCUMENTATION_COMMENTS = YES;
				CLANG_WARN_EMPTY_BODY = YES;
				CLANG_WARN_ENUM_CONVERSION = YES;
				CLANG_WARN_INFINITE_RECURSION = YES;
				CLANG_WARN_INT_CONVERSION = YES;
				CLANG_WARN_NON_LITERAL_NULL_CONVERSION = YES;
				CLANG_WARN_OBJC_IMPLICIT_RETAIN_SELF = YES;
				CLANG_WARN_OBJC_LITERAL_CONVERSION = YES;
				CLANG_WARN_OBJC_ROOT_CLASS = YES_ERROR;
				CLANG_WARN_QUOTED_INCLUDE_IN_FRAMEWORK_HEADER = YES;
				CLANG_WARN_RANGE_LOOP_ANALYSIS = YES;
				CLANG_WARN_STRICT_PROTOTYPES = YES;
				CLANG_WARN_SUSPICIOUS_MOVE = YES;
				CLANG_WARN_UNGUARDED_AVAILABILITY = YES_AGGRESSIVE;
				CLANG_WARN_UNREACHABLE_CODE = YES;
				CLANG_WARN__DUPLICATE_METHOD_MATCH = YES;
				COPY_PHASE_STRIP = NO;
				DEBUG_INFORMATION_FORMAT = dwarf;
				ENABLE_STRICT_OBJC_MSGSEND = YES;
				ENABLE_TESTABILITY = YES;
				ENABLE_USER_SCRIPT_SANDBOXING = YES;
				GCC_C_LANGUAGE_STANDARD = gnu17;
				GCC_DYNAMIC_NO_PIC = NO;
				GCC_NO_COMMON_BLOCKS = YES;
				GCC_OPTIMIZATION_LEVEL = 0;
				GCC_PREPROCESSOR_DEFINITIONS = (
					"DEBUG=1",
					"$(inherited)",
				);
				GCC_WARN_64_TO_32_BIT_CONVERSION = YES;
				GCC_WARN_ABOUT_RETURN_TYPE = YES_ERROR;
				GCC_WARN_UNDECLARED_SELECTOR = YES;
				GCC_WARN_UNINITIALIZED_AUTOS = YES_AGGRESSIVE;
				GCC_WARN_UNUSED_FUNCTION = YES;
				GCC_WARN_UNUSED_VARIABLE = YES;
				IPHONEOS_DEPLOYMENT_TARGET = 17.5;
				LOCALIZATION_PREFERS_STRING_CATALOGS = YES;
				MTL_ENABLE_DEBUG_INFO = INCLUDE_SOURCE;
				MTL_FAST_MATH = YES;
				ONLY_ACTIVE_ARCH = YES;
				SDKROOT = iphoneos;
				SWIFT_ACTIVE_COMPILATION_CONDITIONS = "DEBUG $(inherited)";
				SWIFT_OPTIMIZATION_LEVEL = "-Onone";
			};
			name = Debug;
		};
		1AA52EAD2C73773F006F4969 /* Release */ = {
			isa = XCBuildConfiguration;
			buildSettings = {
				ALWAYS_SEARCH_USER_PATHS = NO;
				ASSETCATALOG_COMPILER_GENERATE_SWIFT_ASSET_SYMBOL_EXTENSIONS = YES;
				CLANG_ANALYZER_NONNULL = YES;
				CLANG_ANALYZER_NUMBER_OBJECT_CONVERSION = YES_AGGRESSIVE;
				CLANG_CXX_LANGUAGE_STANDARD = "gnu++20";
				CLANG_ENABLE_MODULES = YES;
				CLANG_ENABLE_OBJC_ARC = YES;
				CLANG_ENABLE_OBJC_WEAK = YES;
				CLANG_WARN_BLOCK_CAPTURE_AUTORELEASING = YES;
				CLANG_WARN_BOOL_CONVERSION = YES;
				CLANG_WARN_COMMA = YES;
				CLANG_WARN_CONSTANT_CONVERSION = YES;
				CLANG_WARN_DEPRECATED_OBJC_IMPLEMENTATIONS = YES;
				CLANG_WARN_DIRECT_OBJC_ISA_USAGE = YES_ERROR;
				CLANG_WARN_DOCUMENTATION_COMMENTS = YES;
				CLANG_WARN_EMPTY_BODY = YES;
				CLANG_WARN_ENUM_CONVERSION = YES;
				CLANG_WARN_INFINITE_RECURSION = YES;
				CLANG_WARN_INT_CONVERSION = YES;
				CLANG_WARN_NON_LITERAL_NULL_CONVERSION = YES;
				CLANG_WARN_OBJC_IMPLICIT_RETAIN_SELF = YES;
				CLANG_WARN_OBJC_LITERAL_CONVERSION = YES;
				CLANG_WARN_OBJC_ROOT_CLASS = YES_ERROR;
				CLANG_WARN_QUOTED_INCLUDE_IN_FRAMEWORK_HEADER = YES;
				CLANG_WARN_RANGE_LOOP_ANALYSIS = YES;
				CLANG_WARN_STRICT_PROTOTYPES = YES;
				CLANG_WARN_SUSPICIOUS_MOVE = YES;
				CLANG_WARN_UNGUARDED_AVAILABILITY = YES_AGGRESSIVE;
				CLANG_WARN_UNREACHABLE_CODE = YES;
				CLANG_WARN__DUPLICATE_METHOD_MATCH = YES;
				COPY_PHASE_STRIP = NO;
				DEBUG_INFORMATION_FORMAT = "dwarf-with-dsym";
				ENABLE_NS_ASSERTIONS = NO;
				ENABLE_STRICT_OBJC_MSGSEND = YES;
				ENABLE_USER_SCRIPT_SANDBOXING = YES;
				GCC_C_LANGUAGE_STANDARD = gnu17;
				GCC_NO_COMMON_BLOCKS = YES;
				GCC_WARN_64_TO_32_BIT_CONVERSION = YES;
				GCC_WARN_ABOUT_RETURN_TYPE = YES_ERROR;
				GCC_WARN_UNDECLARED_SELECTOR = YES;
				GCC_WARN_UNINITIALIZED_AUTOS = YES_AGGRESSIVE;
				GCC_WARN_UNUSED_FUNCTION = YES;
				GCC_WARN_UNUSED_VARIABLE = YES;
				IPHONEOS_DEPLOYMENT_TARGET = 17.5;
				LOCALIZATION_PREFERS_STRING_CATALOGS = YES;
				MTL_ENABLE_DEBUG_INFO = NO;
				MTL_FAST_MATH = YES;
				SDKROOT = iphoneos;
				SWIFT_COMPILATION_MODE = wholemodule;
				VALIDATE_PRODUCT = YES;
			};
			name = Release;
		};
		1AA52EAF2C73773F006F4969 /* Debug */ = {
			isa = XCBuildConfiguration;
			buildSettings = {
				ASSETCATALOG_COMPILER_APPICON_NAME = AppIcon;
				ASSETCATALOG_COMPILER_GLOBAL_ACCENT_COLOR_NAME = AccentColor;
				CODE_SIGN_STYLE = Automatic;
				CURRENT_PROJECT_VERSION = 1;
				DEVELOPMENT_ASSET_PATHS = "\"DoctorsList/Preview Content\"";
				DEVELOPMENT_TEAM = QZ329TNU43;
				ENABLE_PREVIEWS = YES;
				GENERATE_INFOPLIST_FILE = YES;
				INFOPLIST_FILE = DoctorsList/Info/Info.plist;
				INFOPLIST_KEY_UIApplicationSceneManifest_Generation = YES;
				INFOPLIST_KEY_UIApplicationSupportsIndirectInputEvents = YES;
				INFOPLIST_KEY_UILaunchScreen_Generation = YES;
				INFOPLIST_KEY_UISupportedInterfaceOrientations = UIInterfaceOrientationPortrait;
				INFOPLIST_KEY_UISupportedInterfaceOrientations_iPad = "UIInterfaceOrientationLandscapeLeft UIInterfaceOrientationLandscapeRight UIInterfaceOrientationPortrait UIInterfaceOrientationPortraitUpsideDown";
				LD_RUNPATH_SEARCH_PATHS = (
					"$(inherited)",
					"@executable_path/Frameworks",
				);
				MARKETING_VERSION = 1.0;
				PRODUCT_BUNDLE_IDENTIFIER = iosmaster.com.DoctorsList;
				PRODUCT_NAME = "$(TARGET_NAME)";
				SUPPORTED_PLATFORMS = "iphoneos iphonesimulator";
				SUPPORTS_MACCATALYST = NO;
				SUPPORTS_MAC_DESIGNED_FOR_IPHONE_IPAD = NO;
				SUPPORTS_XR_DESIGNED_FOR_IPHONE_IPAD = NO;
				SWIFT_EMIT_LOC_STRINGS = YES;
				SWIFT_VERSION = 5.0;
				TARGETED_DEVICE_FAMILY = 1;
			};
			name = Debug;
		};
		1AA52EB02C73773F006F4969 /* Release */ = {
			isa = XCBuildConfiguration;
			buildSettings = {
				ASSETCATALOG_COMPILER_APPICON_NAME = AppIcon;
				ASSETCATALOG_COMPILER_GLOBAL_ACCENT_COLOR_NAME = AccentColor;
				CODE_SIGN_STYLE = Automatic;
				CURRENT_PROJECT_VERSION = 1;
				DEVELOPMENT_ASSET_PATHS = "\"DoctorsList/Preview Content\"";
				DEVELOPMENT_TEAM = QZ329TNU43;
				ENABLE_PREVIEWS = YES;
				GENERATE_INFOPLIST_FILE = YES;
				INFOPLIST_FILE = DoctorsList/Info/Info.plist;
				INFOPLIST_KEY_UIApplicationSceneManifest_Generation = YES;
				INFOPLIST_KEY_UIApplicationSupportsIndirectInputEvents = YES;
				INFOPLIST_KEY_UILaunchScreen_Generation = YES;
				INFOPLIST_KEY_UISupportedInterfaceOrientations = UIInterfaceOrientationPortrait;
				INFOPLIST_KEY_UISupportedInterfaceOrientations_iPad = "UIInterfaceOrientationLandscapeLeft UIInterfaceOrientationLandscapeRight UIInterfaceOrientationPortrait UIInterfaceOrientationPortraitUpsideDown";
				LD_RUNPATH_SEARCH_PATHS = (
					"$(inherited)",
					"@executable_path/Frameworks",
				);
				MARKETING_VERSION = 1.0;
				PRODUCT_BUNDLE_IDENTIFIER = iosmaster.com.DoctorsList;
				PRODUCT_NAME = "$(TARGET_NAME)";
				SUPPORTED_PLATFORMS = "iphoneos iphonesimulator";
				SUPPORTS_MACCATALYST = NO;
				SUPPORTS_MAC_DESIGNED_FOR_IPHONE_IPAD = NO;
				SUPPORTS_XR_DESIGNED_FOR_IPHONE_IPAD = NO;
				SWIFT_EMIT_LOC_STRINGS = YES;
				SWIFT_VERSION = 5.0;
				TARGETED_DEVICE_FAMILY = 1;
			};
			name = Release;
		};
/* End XCBuildConfiguration section */

/* Begin XCConfigurationList section */
		1AA52E9B2C73773D006F4969 /* Build configuration list for PBXProject "DoctorsList" */ = {
			isa = XCConfigurationList;
			buildConfigurations = (
				1AA52EAC2C73773F006F4969 /* Debug */,
				1AA52EAD2C73773F006F4969 /* Release */,
			);
			defaultConfigurationIsVisible = 0;
			defaultConfigurationName = Release;
		};
		1AA52EAE2C73773F006F4969 /* Build configuration list for PBXNativeTarget "DoctorsList" */ = {
			isa = XCConfigurationList;
			buildConfigurations = (
				1AA52EAF2C73773F006F4969 /* Debug */,
				1AA52EB02C73773F006F4969 /* Release */,
			);
			defaultConfigurationIsVisible = 0;
			defaultConfigurationName = Release;
		};
/* End XCConfigurationList section */
	};
	rootObject = 1AA52E982C73773D006F4969 /* Project object */;
}
